
Microsoft Visual Studio Solution File, Format Version 12.00
# Visual Studio 15
VisualStudioVersion = 15.0.26430.13
MinimumVisualStudioVersion = 10.0.40219.1
Project("{FAE04EC0-301F-11D3-BF4B-00C04F79EFBC}") = "TourOfHeroes", "TourOfHeroes\TourOfHeroes.csproj", "{80A7EC3F-007B-4142-B794-21EF1DB0F48F}"
EndProject
Global
	GlobalSection(SolutionConfigurationPlatforms) = preSolution
		Debug|Any CPU = Debug|Any CPU
		Launch|Any CPU = Launch|Any CPU
		Release|Any CPU = Release|Any CPU
	EndGlobalSection
	GlobalSection(ProjectConfigurationPlatforms) = postSolution
		{80A7EC3F-007B-4142-B794-21EF1DB0F48F}.Debug|Any CPU.ActiveCfg = Debug|Any CPU
		{80A7EC3F-007B-4142-B794-21EF1DB0F48F}.Debug|Any CPU.Build.0 = Debug|Any CPU
		{80A7EC3F-007B-4142-B794-21EF1DB0F48F}.Launch|Any CPU.ActiveCfg = Launch|Any CPU
		{80A7EC3F-007B-4142-B794-21EF1DB0F48F}.Launch|Any CPU.Build.0 = Launch|Any CPU
		{80A7EC3F-007B-4142-B794-21EF1DB0F48F}.Release|Any CPU.ActiveCfg = Release|Any CPU
		{80A7EC3F-007B-4142-B794-21EF1DB0F48F}.Release|Any CPU.Build.0 = Release|Any CPU
	EndGlobalSection
	GlobalSection(SolutionProperties) = preSolution
		HideSolutionNode = FALSE
	EndGlobalSection
EndGlobal
